// !$*UTF8*$!
{
	archiveVersion = 1;
	classes = {
	};
	objectVersion = 55;
	objects = {

/* Begin PBXBuildFile section */
		989DFFE7274DA94900BA9D49 /* LoanCellView.swift in Sources */ = {isa = PBXBuildFile; fileRef = 989DFFE6274DA94900BA9D49 /* LoanCellView.swift */; };
		989DFFE9274DAABC00BA9D49 /* DateExtension.swift in Sources */ = {isa = PBXBuildFile; fileRef = 989DFFE8274DAABC00BA9D49 /* DateExtension.swift */; };
		989DFFEB274DAB8000BA9D49 /* DoubleExtension.swift in Sources */ = {isa = PBXBuildFile; fileRef = 989DFFEA274DAB8000BA9D49 /* DoubleExtension.swift */; };
		989DFFED274DADE100BA9D49 /* AddLoanView.swift in Sources */ = {isa = PBXBuildFile; fileRef = 989DFFEC274DADE100BA9D49 /* AddLoanView.swift */; };
		989DFFEF274DB07D00BA9D49 /* AddLoanViewModel.swift in Sources */ = {isa = PBXBuildFile; fileRef = 989DFFEE274DB07C00BA9D49 /* AddLoanViewModel.swift */; };
		98A0CCA1274D9D09009E6AC3 /* LoanCDApp.swift in Sources */ = {isa = PBXBuildFile; fileRef = 98A0CCA0274D9D09009E6AC3 /* LoanCDApp.swift */; };
		98A0CCA3274D9D09009E6AC3 /* ContentView.swift in Sources */ = {isa = PBXBuildFile; fileRef = 98A0CCA2274D9D09009E6AC3 /* ContentView.swift */; };
		98A0CCA5274D9D0D009E6AC3 /* Assets.xcassets in Resources */ = {isa = PBXBuildFile; fileRef = 98A0CCA4274D9D0D009E6AC3 /* Assets.xcassets */; };
		98A0CCA8274D9D0D009E6AC3 /* Preview Assets.xcassets in Resources */ = {isa = PBXBuildFile; fileRef = 98A0CCA7274D9D0D009E6AC3 /* Preview Assets.xcassets */; };
		98A0CCAA274D9D0D009E6AC3 /* Persistence.swift in Sources */ = {isa = PBXBuildFile; fileRef = 98A0CCA9274D9D0D009E6AC3 /* Persistence.swift */; };
		98A0CCAD274D9D0D009E6AC3 /* LoanCD.xcdatamodeld in Sources */ = {isa = PBXBuildFile; fileRef = 98A0CCAB274D9D0D009E6AC3 /* LoanCD.xcdatamodeld */; };
/* End PBXBuildFile section */

/* Begin PBXFileReference section */
		989DFFE6274DA94900BA9D49 /* LoanCellView.swift */ = {isa = PBXFileReference; lastKnownFileType = sourcecode.swift; path = LoanCellView.swift; sourceTree = "<group>"; };
		989DFFE8274DAABC00BA9D49 /* DateExtension.swift */ = {isa = PBXFileReference; lastKnownFileType = sourcecode.swift; path = DateExtension.swift; sourceTree = "<group>"; };
		989DFFEA274DAB8000BA9D49 /* DoubleExtension.swift */ = {isa = PBXFileReference; lastKnownFileType = sourcecode.swift; path = DoubleExtension.swift; sourceTree = "<group>"; };
		989DFFEC274DADE100BA9D49 /* AddLoanView.swift */ = {isa = PBXFileReference; lastKnownFileType = sourcecode.swift; path = AddLoanView.swift; sourceTree = "<group>"; };
		989DFFEE274DB07C00BA9D49 /* AddLoanViewModel.swift */ = {isa = PBXFileReference; lastKnownFileType = sourcecode.swift; path = AddLoanViewModel.swift; sourceTree = "<group>"; };
		98A0CC9D274D9D09009E6AC3 /* LoanCD.app */ = {isa = PBXFileReference; explicitFileType = wrapper.application; includeInIndex = 0; path = LoanCD.app; sourceTree = BUILT_PRODUCTS_DIR; };
		98A0CCA0274D9D09009E6AC3 /* LoanCDApp.swift */ = {isa = PBXFileReference; lastKnownFileType = sourcecode.swift; path = LoanCDApp.swift; sourceTree = "<group>"; };
		98A0CCA2274D9D09009E6AC3 /* ContentView.swift */ = {isa = PBXFileReference; lastKnownFileType = sourcecode.swift; path = ContentView.swift; sourceTree = "<group>"; };
		98A0CCA4274D9D0D009E6AC3 /* Assets.xcassets */ = {isa = PBXFileReference; lastKnownFileType = folder.assetcatalog; path = Assets.xcassets; sourceTree = "<group>"; };
		98A0CCA7274D9D0D009E6AC3 /* Preview Assets.xcassets */ = {isa = PBXFileReference; lastKnownFileType = folder.assetcatalog; path = "Preview Assets.xcassets"; sourceTree = "<group>"; };
		98A0CCA9274D9D0D009E6AC3 /* Persistence.swift */ = {isa = PBXFileReference; lastKnownFileType = sourcecode.swift; path = Persistence.swift; sourceTree = "<group>"; };
		98A0CCAC274D9D0D009E6AC3 /* LoanCD.xcdatamodel */ = {isa = PBXFileReference; lastKnownFileType = wrapper.xcdatamodel; path = LoanCD.xcdatamodel; sourceTree = "<group>"; };
/* End PBXFileReference section */

/* Begin PBXFrameworksBuildPhase section */
		98A0CC9A274D9D09009E6AC3 /* Frameworks */ = {
			isa = PBXFrameworksBuildPhase;
			buildActionMask = 2147483647;
			files = (
			);
			runOnlyForDeploymentPostprocessing = 0;
		};
/* End PBXFrameworksBuildPhase section */

/* Begin PBXGroup section */
		98A0CC94274D9D09009E6AC3 = {
			isa = PBXGroup;
			children = (
				98A0CC9F274D9D09009E6AC3 /* LoanCD */,
				98A0CC9E274D9D09009E6AC3 /* Products */,
			);
			sourceTree = "<group>";
		};
		98A0CC9E274D9D09009E6AC3 /* Products */ = {
			isa = PBXGroup;
			children = (
				98A0CC9D274D9D09009E6AC3 /* LoanCD.app */,
			);
			name = Products;
			sourceTree = "<group>";
		};
		98A0CC9F274D9D09009E6AC3 /* LoanCD */ = {
			isa = PBXGroup;
			children = (
				989DFFEC274DADE100BA9D49 /* AddLoanView.swift */,
				989DFFE6274DA94900BA9D49 /* LoanCellView.swift */,
				98A0CCA0274D9D09009E6AC3 /* LoanCDApp.swift */,
				98A0CCA2274D9D09009E6AC3 /* ContentView.swift */,
				98A0CCA4274D9D0D009E6AC3 /* Assets.xcassets */,
				98A0CCA9274D9D0D009E6AC3 /* Persistence.swift */,
				98A0CCAB274D9D0D009E6AC3 /* LoanCD.xcdatamodeld */,
				98A0CCA6274D9D0D009E6AC3 /* Preview Content */,
				989DFFE8274DAABC00BA9D49 /* DateExtension.swift */,
				989DFFEA274DAB8000BA9D49 /* DoubleExtension.swift */,
				989DFFEE274DB07C00BA9D49 /* AddLoanViewModel.swift */,
			);
			path = LoanCD;
			sourceTree = "<group>";
		};
		98A0CCA6274D9D0D009E6AC3 /* Preview Content */ = {
			isa = PBXGroup;
			children = (
				98A0CCA7274D9D0D009E6AC3 /* Preview Assets.xcassets */,
			);
			path = "Preview Content";
			sourceTree = "<group>";
		};
/* End PBXGroup section */

/* Begin PBXNativeTarget section */
		98A0CC9C274D9D09009E6AC3 /* LoanCD */ = {
			isa = PBXNativeTarget;
			buildConfigurationList = 98A0CCB0274D9D0D009E6AC3 /* Build configuration list for PBXNativeTarget "LoanCD" */;
			buildPhases = (
				98A0CC99274D9D09009E6AC3 /* Sources */,
				98A0CC9A274D9D09009E6AC3 /* Frameworks */,
				98A0CC9B274D9D09009E6AC3 /* Resources */,
			);
			buildRules = (
			);
			dependencies = (
			);
			name = LoanCD;
			productName = LoanCD;
			productReference = 98A0CC9D274D9D09009E6AC3 /* LoanCD.app */;
			productType = "com.apple.product-type.application";
		};
/* End PBXNativeTarget section */

/* Begin PBXProject section */
		98A0CC95274D9D09009E6AC3 /* Project object */ = {
			isa = PBXProject;
			attributes = {
				BuildIndependentTargetsInParallel = 1;
				LastSwiftUpdateCheck = 1310;
				LastUpgradeCheck = 1310;
				TargetAttributes = {
					98A0CC9C274D9D09009E6AC3 = {
						CreatedOnToolsVersion = 13.1;
					};
				};
			};
			buildConfigurationList = 98A0CC98274D9D09009E6AC3 /* Build configuration list for PBXProject "LoanCD" */;
			compatibilityVersion = "Xcode 13.0";
			developmentRegion = en;
			hasScannedForEncodings = 0;
			knownRegions = (
				en,
				Base,
			);
			mainGroup = 98A0CC94274D9D09009E6AC3;
			productRefGroup = 98A0CC9E274D9D09009E6AC3 /* Products */;
			projectDirPath = "";
			projectRoot = "";
			targets = (
				98A0CC9C274D9D09009E6AC3 /* LoanCD */,
			);
		};
/* End PBXProject section */

/* Begin PBXResourcesBuildPhase section */
		98A0CC9B274D9D09009E6AC3 /* Resources */ = {
			isa = PBXResourcesBuildPhase;
			buildActionMask = 2147483647;
			files = (
				98A0CCA8274D9D0D009E6AC3 /* Preview Assets.xcassets in Resources */,
				98A0CCA5274D9D0D009E6AC3 /* Assets.xcassets in Resources */,
			);
			runOnlyForDeploymentPostprocessing = 0;
		};
/* End PBXResourcesBuildPhase section */

/* Begin PBXSourcesBuildPhase section */
		98A0CC99274D9D09009E6AC3 /* Sources */ = {
			isa = PBXSourcesBuildPhase;
			buildActionMask = 2147483647;
			files = (
				98A0CCAD274D9D0D009E6AC3 /* LoanCD.xcdatamodeld in Sources */,
				989DFFE9274DAABC00BA9D49 /* DateExtension.swift in Sources */,
				989DFFED274DADE100BA9D49 /* AddLoanView.swift in Sources */,
				98A0CCAA274D9D0D009E6AC3 /* Persistence.swift in Sources */,
				989DFFE7274DA94900BA9D49 /* LoanCellView.swift in Sources */,
				989DFFEF274DB07D00BA9D49 /* AddLoanViewModel.swift in Sources */,
				98A0CCA3274D9D09009E6AC3 /* ContentView.swift in Sources */,
				989DFFEB274DAB8000BA9D49 /* DoubleExtension.swift in Sources */,
				98A0CCA1274D9D09009E6AC3 /* LoanCDApp.swift in Sources */,
			);
			runOnlyForDeploymentPostprocessing = 0;
		};
/* End PBXSourcesBuildPhase section */

/* Begin XCBuildConfiguration section */
		98A0CCAE274D9D0D009E6AC3 /* Debug */ = {
			isa = XCBuildConfiguration;
			buildSettings = {
				ALWAYS_SEARCH_USER_PATHS = NO;
				CLANG_ANALYZER_NONNULL = YES;
				CLANG_ANALYZER_NUMBER_OBJECT_CONVERSION = YES_AGGRESSIVE;
				CLANG_CXX_LANGUAGE_STANDARD = "gnu++17";
				CLANG_CXX_LIBRARY = "libc++";
				CLANG_ENABLE_MODULES = YES;
				CLANG_ENABLE_OBJC_ARC = YES;
				CLANG_ENABLE_OBJC_WEAK = YES;
				CLANG_WARN_BLOCK_CAPTURE_AUTORELEASING = YES;
				CLANG_WARN_BOOL_CONVERSION = YES;
				CLANG_WARN_COMMA = YES;
				CLANG_WARN_CONSTANT_CONVERSION = YES;
				CLANG_WARN_DEPRECATED_OBJC_IMPLEMENTATIONS = YES;
				CLANG_WARN_DIRECT_OBJC_ISA_USAGE = YES_ERROR;
				CLANG_WARN_DOCUMENTATION_COMMENTS = YES;
				CLANG_WARN_EMPTY_BODY = YES;
				CLANG_WARN_ENUM_CONVERSION = YES;
				CLANG_WARN_INFINITE_RECURSION = YES;
				CLANG_WARN_INT_CONVERSION = YES;
				CLANG_WARN_NON_LITERAL_NULL_CONVERSION = YES;
				CLANG_WARN_OBJC_IMPLICIT_RETAIN_SELF = YES;
				CLANG_WARN_OBJC_LITERAL_CONVERSION = YES;
				CLANG_WARN_OBJC_ROOT_CLASS = YES_ERROR;
				CLANG_WARN_QUOTED_INCLUDE_IN_FRAMEWORK_HEADER = YES;
				CLANG_WARN_RANGE_LOOP_ANALYSIS = YES;
				CLANG_WARN_STRICT_PROTOTYPES = YES;
				CLANG_WARN_SUSPICIOUS_MOVE = YES;
				CLANG_WARN_UNGUARDED_AVAILABILITY = YES_AGGRESSIVE;
				CLANG_WARN_UNREACHABLE_CODE = YES;
				CLANG_WARN__DUPLICATE_METHOD_MATCH = YES;
				COPY_PHASE_STRIP = NO;
				DEBUG_INFORMATION_FORMAT = dwarf;
				ENABLE_STRICT_OBJC_MSGSEND = YES;
				ENABLE_TESTABILITY = YES;
				GCC_C_LANGUAGE_STANDARD = gnu11;
				GCC_DYNAMIC_NO_PIC = NO;
				GCC_NO_COMMON_BLOCKS = YES;
				GCC_OPTIMIZATION_LEVEL = 0;
				GCC_PREPROCESSOR_DEFINITIONS = (
					"DEBUG=1",
					"$(inherited)",
				);
				GCC_WARN_64_TO_32_BIT_CONVERSION = YES;
				GCC_WARN_ABOUT_RETURN_TYPE = YES_ERROR;
				GCC_WARN_UNDECLARED_SELECTOR = YES;
				GCC_WARN_UNINITIALIZED_AUTOS = YES_AGGRESSIVE;
				GCC_WARN_UNUSED_FUNCTION = YES;
				GCC_WARN_UNUSED_VARIABLE = YES;
				IPHONEOS_DEPLOYMENT_TARGET = 15.0;
				MTL_ENABLE_DEBUG_INFO = INCLUDE_SOURCE;
				MTL_FAST_MATH = YES;
				ONLY_ACTIVE_ARCH = YES;
				SDKROOT = iphoneos;
				SWIFT_ACTIVE_COMPILATION_CONDITIONS = DEBUG;
				SWIFT_OPTIMIZATION_LEVEL = "-Onone";
			};
			name = Debug;
		};
		98A0CCAF274D9D0D009E6AC3 /* Release */ = {
			isa = XCBuildConfiguration;
			buildSettings = {
				ALWAYS_SEARCH_USER_PATHS = NO;
				CLANG_ANALYZER_NONNULL = YES;
				CLANG_ANALYZER_NUMBER_OBJECT_CONVERSION = YES_AGGRESSIVE;
				CLANG_CXX_LANGUAGE_STANDARD = "gnu++17";
				CLANG_CXX_LIBRARY = "libc++";
				CLANG_ENABLE_MODULES = YES;
				CLANG_ENABLE_OBJC_ARC = YES;
				CLANG_ENABLE_OBJC_WEAK = YES;
				CLANG_WARN_BLOCK_CAPTURE_AUTORELEASING = YES;
				CLANG_WARN_BOOL_CONVERSION = YES;
				CLANG_WARN_COMMA = YES;
				CLANG_WARN_CONSTANT_CONVERSION = YES;
				CLANG_WARN_DEPRECATED_OBJC_IMPLEMENTATIONS = YES;
				CLANG_WARN_DIRECT_OBJC_ISA_USAGE = YES_ERROR;
				CLANG_WARN_DOCUMENTATION_COMMENTS = YES;
				CLANG_WARN_EMPTY_BODY = YES;
				CLANG_WARN_ENUM_CONVERSION = YES;
				CLANG_WARN_INFINITE_RECURSION = YES;
				CLANG_WARN_INT_CONVERSION = YES;
				CLANG_WARN_NON_LITERAL_NULL_CONVERSION = YES;
				CLANG_WARN_OBJC_IMPLICIT_RETAIN_SELF = YES;
				CLANG_WARN_OBJC_LITERAL_CONVERSION = YES;
				CLANG_WARN_OBJC_ROOT_CLASS = YES_ERROR;
				CLANG_WARN_QUOTED_INCLUDE_IN_FRAMEWORK_HEADER = YES;
				CLANG_WARN_RANGE_LOOP_ANALYSIS = YES;
				CLANG_WARN_STRICT_PROTOTYPES = YES;
				CLANG_WARN_SUSPICIOUS_MOVE = YES;
				CLANG_WARN_UNGUARDED_AVAILABILITY = YES_AGGRESSIVE;
				CLANG_WARN_UNREACHABLE_CODE = YES;
				CLANG_WARN__DUPLICATE_METHOD_MATCH = YES;
				COPY_PHASE_STRIP = NO;
				DEBUG_INFORMATION_FORMAT = "dwarf-with-dsym";
				ENABLE_NS_ASSERTIONS = NO;
				ENABLE_STRICT_OBJC_MSGSEND = YES;
				GCC_C_LANGUAGE_STANDARD = gnu11;
				GCC_NO_COMMON_BLOCKS = YES;
				GCC_WARN_64_TO_32_BIT_CONVERSION = YES;
				GCC_WARN_ABOUT_RETURN_TYPE = YES_ERROR;
				GCC_WARN_UNDECLARED_SELECTOR = YES;
				GCC_WARN_UNINITIALIZED_AUTOS = YES_AGGRESSIVE;
				GCC_WARN_UNUSED_FUNCTION = YES;
				GCC_WARN_UNUSED_VARIABLE = YES;
				IPHONEOS_DEPLOYMENT_TARGET = 15.0;
				MTL_ENABLE_DEBUG_INFO = NO;
				MTL_FAST_MATH = YES;
				SDKROOT = iphoneos;
				SWIFT_COMPILATION_MODE = wholemodule;
				SWIFT_OPTIMIZATION_LEVEL = "-O";
				VALIDATE_PRODUCT = YES;
			};
			name = Release;
		};
		98A0CCB1274D9D0D009E6AC3 /* Debug */ = {
			isa = XCBuildConfiguration;
			buildSettings = {
				ASSETCATALOG_COMPILER_APPICON_NAME = AppIcon;
				ASSETCATALOG_COMPILER_GLOBAL_ACCENT_COLOR_NAME = AccentColor;
				CODE_SIGN_STYLE = Automatic;
				CURRENT_PROJECT_VERSION = 1;
				DEVELOPMENT_ASSET_PATHS = "\"LoanCD/Preview Content\"";
				DEVELOPMENT_TEAM = 9Z86N6X4FM;
				ENABLE_PREVIEWS = YES;
				GENERATE_INFOPLIST_FILE = YES;
				INFOPLIST_KEY_UIApplicationSceneManifest_Generation = YES;
				INFOPLIST_KEY_UIApplicationSupportsIndirectInputEvents = YES;
				INFOPLIST_KEY_UILaunchScreen_Generation = YES;
				INFOPLIST_KEY_UISupportedInterfaceOrientations_iPad = "UIInterfaceOrientationPortrait UIInterfaceOrientationPortraitUpsideDown UIInterfaceOrientationLandscapeLeft UIInterfaceOrientationLandscapeRight";
				INFOPLIST_KEY_UISupportedInterfaceOrientations_iPhone = "UIInterfaceOrientationPortrait UIInterfaceOrientationLandscapeLeft UIInterfaceOrientationLandscapeRight";
				LD_RUNPATH_SEARCH_PATHS = (
					"$(inherited)",
					"@executable_path/Frameworks",
				);
				MARKETING_VERSION = 1.0;
				PRODUCT_BUNDLE_IDENTIFIER = com.amaralzaao.LoanCD;
				PRODUCT_NAME = "$(TARGET_NAME)";
				SWIFT_EMIT_LOC_STRINGS = YES;
				SWIFT_VERSION = 5.0;
				TARGETED_DEVICE_FAMILY = "1,2";
			};
			name = Debug;
		};
		98A0CCB2274D9D0D009E6AC3 /* Release */ = {
			isa = XCBuildConfiguration;
			buildSettings = {
				ASSETCATALOG_COMPILER_APPICON_NAME = AppIcon;
				ASSETCATALOG_COMPILER_GLOBAL_ACCENT_COLOR_NAME = AccentColor;
				CODE_SIGN_STYLE = Automatic;
				CURRENT_PROJECT_VERSION = 1;
				DEVELOPMENT_ASSET_PATHS = "\"LoanCD/Preview Content\"";
				DEVELOPMENT_TEAM = 9Z86N6X4FM;
				ENABLE_PREVIEWS = YES;
				GENERATE_INFOPLIST_FILE = YES;
				INFOPLIST_KEY_UIApplicationSceneManifest_Generation = YES;
				INFOPLIST_KEY_UIApplicationSupportsIndirectInputEvents = YES;
				INFOPLIST_KEY_UILaunchScreen_Generation = YES;
				INFOPLIST_KEY_UISupportedInterfaceOrientations_iPad = "UIInterfaceOrientationPortrait UIInterfaceOrientationPortraitUpsideDown UIInterfaceOrientationLandscapeLeft UIInterfaceOrientationLandscapeRight";
				INFOPLIST_KEY_UISupportedInterfaceOrientations_iPhone = "UIInterfaceOrientationPortrait UIInterfaceOrientationLandscapeLeft UIInterfaceOrientationLandscapeRight";
				LD_RUNPATH_SEARCH_PATHS = (
					"$(inherited)",
					"@executable_path/Frameworks",
				);
				MARKETING_VERSION = 1.0;
				PRODUCT_BUNDLE_IDENTIFIER = com.amaralzaao.LoanCD;
				PRODUCT_NAME = "$(TARGET_NAME)";
				SWIFT_EMIT_LOC_STRINGS = YES;
				SWIFT_VERSION = 5.0;
				TARGETED_DEVICE_FAMILY = "1,2";
			};
			name = Release;
		};
/* End XCBuildConfiguration section */

/* Begin XCConfigurationList section */
		98A0CC98274D9D09009E6AC3 /* Build configuration list for PBXProject "LoanCD" */ = {
			isa = XCConfigurationList;
			buildConfigurations = (
				98A0CCAE274D9D0D009E6AC3 /* Debug */,
				98A0CCAF274D9D0D009E6AC3 /* Release */,
			);
			defaultConfigurationIsVisible = 0;
			defaultConfigurationName = Release;
		};
		98A0CCB0274D9D0D009E6AC3 /* Build configuration list for PBXNativeTarget "LoanCD" */ = {
			isa = XCConfigurationList;
			buildConfigurations = (
				98A0CCB1274D9D0D009E6AC3 /* Debug */,
				98A0CCB2274D9D0D009E6AC3 /* Release */,
			);
			defaultConfigurationIsVisible = 0;
			defaultConfigurationName = Release;
		};
/* End XCConfigurationList section */

/* Begin XCVersionGroup section */
		98A0CCAB274D9D0D009E6AC3 /* LoanCD.xcdatamodeld */ = {
			isa = XCVersionGroup;
			children = (
				98A0CCAC274D9D0D009E6AC3 /* LoanCD.xcdatamodel */,
			);
			currentVersion = 98A0CCAC274D9D0D009E6AC3 /* LoanCD.xcdatamodel */;
			path = LoanCD.xcdatamodeld;
			sourceTree = "<group>";
			versionGroupType = wrapper.xcdatamodel;
		};
/* End XCVersionGroup section */
	};
	rootObject = 98A0CC95274D9D09009E6AC3 /* Project object */;
}
