// !$*UTF8*$!
{
	archiveVersion = 1;
	classes = {
	};
	objectVersion = 55;
	objects = {

/* Begin PBXBuildFile section */
		98BE475527482D2A00B99654 /* Notes WatchKit App.app in Embed Watch Content */ = {isa = PBXBuildFile; fileRef = 98BE475427482D2A00B99654 /* Notes WatchKit App.app */; settings = {ATTRIBUTES = (RemoveHeadersOnCopy, ); }; };
		98BE475A27482D2D00B99654 /* Assets.xcassets in Resources */ = {isa = PBXBuildFile; fileRef = 98BE475927482D2D00B99654 /* Assets.xcassets */; };
		98BE476027482D2D00B99654 /* Notes WatchKit Extension.appex in Embed App Extensions */ = {isa = PBXBuildFile; fileRef = 98BE475F27482D2D00B99654 /* Notes WatchKit Extension.appex */; settings = {ATTRIBUTES = (RemoveHeadersOnCopy, ); }; };
		98BE476527482D2D00B99654 /* ContentView.swift in Sources */ = {isa = PBXBuildFile; fileRef = 98BE476427482D2D00B99654 /* ContentView.swift */; };
		98BE476727482D2D00B99654 /* NotesApp.swift in Sources */ = {isa = PBXBuildFile; fileRef = 98BE476627482D2D00B99654 /* NotesApp.swift */; };
		98BE476927482D2D00B99654 /* ComplicationController.swift in Sources */ = {isa = PBXBuildFile; fileRef = 98BE476827482D2D00B99654 /* ComplicationController.swift */; };
		98BE476B27482D2F00B99654 /* Assets.xcassets in Resources */ = {isa = PBXBuildFile; fileRef = 98BE476A27482D2F00B99654 /* Assets.xcassets */; };
		98BE476E27482D2F00B99654 /* Preview Assets.xcassets in Resources */ = {isa = PBXBuildFile; fileRef = 98BE476D27482D2F00B99654 /* Preview Assets.xcassets */; };
		98BE4780274836A100B99654 /* Note.swift in Sources */ = {isa = PBXBuildFile; fileRef = 98BE477F274836A100B99654 /* Note.swift */; };
		98BE478227483C6E00B99654 /* DetailView.swift in Sources */ = {isa = PBXBuildFile; fileRef = 98BE478127483C6E00B99654 /* DetailView.swift */; };
		98BE478427483E3700B99654 /* CreditsView.swift in Sources */ = {isa = PBXBuildFile; fileRef = 98BE478327483E3700B99654 /* CreditsView.swift */; };
		98BE478727483E7D00B99654 /* HeaderView.swift in Sources */ = {isa = PBXBuildFile; fileRef = 98BE478627483E7D00B99654 /* HeaderView.swift */; };
		98BE47892748426300B99654 /* SettingsView.swift in Sources */ = {isa = PBXBuildFile; fileRef = 98BE47882748426300B99654 /* SettingsView.swift */; };
/* End PBXBuildFile section */

/* Begin PBXContainerItemProxy section */
		98BE475627482D2A00B99654 /* PBXContainerItemProxy */ = {
			isa = PBXContainerItemProxy;
			containerPortal = 98BE474A27482D2900B99654 /* Project object */;
			proxyType = 1;
			remoteGlobalIDString = 98BE475327482D2A00B99654;
			remoteInfo = "Notes WatchKit App";
		};
		98BE476127482D2D00B99654 /* PBXContainerItemProxy */ = {
			isa = PBXContainerItemProxy;
			containerPortal = 98BE474A27482D2900B99654 /* Project object */;
			proxyType = 1;
			remoteGlobalIDString = 98BE475E27482D2D00B99654;
			remoteInfo = "Notes WatchKit Extension";
		};
/* End PBXContainerItemProxy section */

/* Begin PBXCopyFilesBuildPhase section */
		98BE477527482D2F00B99654 /* Embed App Extensions */ = {
			isa = PBXCopyFilesBuildPhase;
			buildActionMask = 2147483647;
			dstPath = "";
			dstSubfolderSpec = 13;
			files = (
				98BE476027482D2D00B99654 /* Notes WatchKit Extension.appex in Embed App Extensions */,
			);
			name = "Embed App Extensions";
			runOnlyForDeploymentPostprocessing = 0;
		};
		98BE477927482D2F00B99654 /* Embed Watch Content */ = {
			isa = PBXCopyFilesBuildPhase;
			buildActionMask = 2147483647;
			dstPath = "$(CONTENTS_FOLDER_PATH)/Watch";
			dstSubfolderSpec = 16;
			files = (
				98BE475527482D2A00B99654 /* Notes WatchKit App.app in Embed Watch Content */,
			);
			name = "Embed Watch Content";
			runOnlyForDeploymentPostprocessing = 0;
		};
/* End PBXCopyFilesBuildPhase section */

/* Begin PBXFileReference section */
		98BE475027482D2900B99654 /* Notes.app */ = {isa = PBXFileReference; explicitFileType = wrapper.application; includeInIndex = 0; path = Notes.app; sourceTree = BUILT_PRODUCTS_DIR; };
		98BE475427482D2A00B99654 /* Notes WatchKit App.app */ = {isa = PBXFileReference; explicitFileType = wrapper.application; includeInIndex = 0; path = "Notes WatchKit App.app"; sourceTree = BUILT_PRODUCTS_DIR; };
		98BE475927482D2D00B99654 /* Assets.xcassets */ = {isa = PBXFileReference; lastKnownFileType = folder.assetcatalog; path = Assets.xcassets; sourceTree = "<group>"; };
		98BE475F27482D2D00B99654 /* Notes WatchKit Extension.appex */ = {isa = PBXFileReference; explicitFileType = "wrapper.app-extension"; includeInIndex = 0; path = "Notes WatchKit Extension.appex"; sourceTree = BUILT_PRODUCTS_DIR; };
		98BE476427482D2D00B99654 /* ContentView.swift */ = {isa = PBXFileReference; lastKnownFileType = sourcecode.swift; path = ContentView.swift; sourceTree = "<group>"; };
		98BE476627482D2D00B99654 /* NotesApp.swift */ = {isa = PBXFileReference; lastKnownFileType = sourcecode.swift; path = NotesApp.swift; sourceTree = "<group>"; };
		98BE476827482D2D00B99654 /* ComplicationController.swift */ = {isa = PBXFileReference; lastKnownFileType = sourcecode.swift; path = ComplicationController.swift; sourceTree = "<group>"; };
		98BE476A27482D2F00B99654 /* Assets.xcassets */ = {isa = PBXFileReference; lastKnownFileType = folder.assetcatalog; path = Assets.xcassets; sourceTree = "<group>"; };
		98BE476D27482D2F00B99654 /* Preview Assets.xcassets */ = {isa = PBXFileReference; lastKnownFileType = folder.assetcatalog; path = "Preview Assets.xcassets"; sourceTree = "<group>"; };
		98BE476F27482D2F00B99654 /* Info.plist */ = {isa = PBXFileReference; lastKnownFileType = text.plist.xml; path = Info.plist; sourceTree = "<group>"; };
		98BE477F274836A100B99654 /* Note.swift */ = {isa = PBXFileReference; lastKnownFileType = sourcecode.swift; path = Note.swift; sourceTree = "<group>"; };
		98BE478127483C6E00B99654 /* DetailView.swift */ = {isa = PBXFileReference; lastKnownFileType = sourcecode.swift; path = DetailView.swift; sourceTree = "<group>"; };
		98BE478327483E3700B99654 /* CreditsView.swift */ = {isa = PBXFileReference; lastKnownFileType = sourcecode.swift; path = CreditsView.swift; sourceTree = "<group>"; };
		98BE478627483E7D00B99654 /* HeaderView.swift */ = {isa = PBXFileReference; lastKnownFileType = sourcecode.swift; path = HeaderView.swift; sourceTree = "<group>"; };
		98BE47882748426300B99654 /* SettingsView.swift */ = {isa = PBXFileReference; lastKnownFileType = sourcecode.swift; path = SettingsView.swift; sourceTree = "<group>"; };
/* End PBXFileReference section */

/* Begin PBXFrameworksBuildPhase section */
		98BE475C27482D2D00B99654 /* Frameworks */ = {
			isa = PBXFrameworksBuildPhase;
			buildActionMask = 2147483647;
			files = (
			);
			runOnlyForDeploymentPostprocessing = 0;
		};
/* End PBXFrameworksBuildPhase section */

/* Begin PBXGroup section */
		98BE474927482D2900B99654 = {
			isa = PBXGroup;
			children = (
				98BE478527483E7000B99654 /* Component */,
				98BE475827482D2A00B99654 /* Notes WatchKit App */,
				98BE476327482D2D00B99654 /* Notes WatchKit Extension */,
				98BE475127482D2900B99654 /* Products */,
			);
			sourceTree = "<group>";
		};
		98BE475127482D2900B99654 /* Products */ = {
			isa = PBXGroup;
			children = (
				98BE475027482D2900B99654 /* Notes.app */,
				98BE475427482D2A00B99654 /* Notes WatchKit App.app */,
				98BE475F27482D2D00B99654 /* Notes WatchKit Extension.appex */,
			);
			name = Products;
			sourceTree = "<group>";
		};
		98BE475827482D2A00B99654 /* Notes WatchKit App */ = {
			isa = PBXGroup;
			children = (
				98BE475927482D2D00B99654 /* Assets.xcassets */,
			);
			path = "Notes WatchKit App";
			sourceTree = "<group>";
		};
		98BE476327482D2D00B99654 /* Notes WatchKit Extension */ = {
			isa = PBXGroup;
			children = (
				98BE477E2748369300B99654 /* Model */,
				98BE477D2748368C00B99654 /* View */,
				98BE476627482D2D00B99654 /* NotesApp.swift */,
				98BE476827482D2D00B99654 /* ComplicationController.swift */,
				98BE476A27482D2F00B99654 /* Assets.xcassets */,
				98BE476F27482D2F00B99654 /* Info.plist */,
				98BE476C27482D2F00B99654 /* Preview Content */,
			);
			path = "Notes WatchKit Extension";
			sourceTree = "<group>";
		};
		98BE476C27482D2F00B99654 /* Preview Content */ = {
			isa = PBXGroup;
			children = (
				98BE476D27482D2F00B99654 /* Preview Assets.xcassets */,
			);
			path = "Preview Content";
			sourceTree = "<group>";
		};
		98BE477D2748368C00B99654 /* View */ = {
			isa = PBXGroup;
			children = (
				98BE476427482D2D00B99654 /* ContentView.swift */,
				98BE478127483C6E00B99654 /* DetailView.swift */,
				98BE478327483E3700B99654 /* CreditsView.swift */,
				98BE47882748426300B99654 /* SettingsView.swift */,
			);
			path = View;
			sourceTree = "<group>";
		};
		98BE477E2748369300B99654 /* Model */ = {
			isa = PBXGroup;
			children = (
				98BE477F274836A100B99654 /* Note.swift */,
			);
			path = Model;
			sourceTree = "<group>";
		};
		98BE478527483E7000B99654 /* Component */ = {
			isa = PBXGroup;
			children = (
				98BE478627483E7D00B99654 /* HeaderView.swift */,
			);
			path = Component;
			sourceTree = "<group>";
		};
/* End PBXGroup section */

/* Begin PBXNativeTarget section */
		98BE474F27482D2900B99654 /* Notes */ = {
			isa = PBXNativeTarget;
			buildConfigurationList = 98BE477A27482D2F00B99654 /* Build configuration list for PBXNativeTarget "Notes" */;
			buildPhases = (
				98BE474E27482D2900B99654 /* Resources */,
				98BE477927482D2F00B99654 /* Embed Watch Content */,
			);
			buildRules = (
			);
			dependencies = (
				98BE475727482D2A00B99654 /* PBXTargetDependency */,
			);
			name = Notes;
			productName = Notes;
			productReference = 98BE475027482D2900B99654 /* Notes.app */;
			productType = "com.apple.product-type.application.watchapp2-container";
		};
		98BE475327482D2A00B99654 /* Notes WatchKit App */ = {
			isa = PBXNativeTarget;
			buildConfigurationList = 98BE477627482D2F00B99654 /* Build configuration list for PBXNativeTarget "Notes WatchKit App" */;
			buildPhases = (
				98BE475227482D2A00B99654 /* Resources */,
				98BE477527482D2F00B99654 /* Embed App Extensions */,
			);
			buildRules = (
			);
			dependencies = (
				98BE476227482D2D00B99654 /* PBXTargetDependency */,
			);
			name = "Notes WatchKit App";
			productName = "Notes WatchKit App";
			productReference = 98BE475427482D2A00B99654 /* Notes WatchKit App.app */;
			productType = "com.apple.product-type.application.watchapp2";
		};
		98BE475E27482D2D00B99654 /* Notes WatchKit Extension */ = {
			isa = PBXNativeTarget;
			buildConfigurationList = 98BE477227482D2F00B99654 /* Build configuration list for PBXNativeTarget "Notes WatchKit Extension" */;
			buildPhases = (
				98BE475B27482D2D00B99654 /* Sources */,
				98BE475C27482D2D00B99654 /* Frameworks */,
				98BE475D27482D2D00B99654 /* Resources */,
			);
			buildRules = (
			);
			dependencies = (
			);
			name = "Notes WatchKit Extension";
			productName = "Notes WatchKit Extension";
			productReference = 98BE475F27482D2D00B99654 /* Notes WatchKit Extension.appex */;
			productType = "com.apple.product-type.watchkit2-extension";
		};
/* End PBXNativeTarget section */

/* Begin PBXProject section */
		98BE474A27482D2900B99654 /* Project object */ = {
			isa = PBXProject;
			attributes = {
				BuildIndependentTargetsInParallel = 1;
				LastSwiftUpdateCheck = 1310;
				LastUpgradeCheck = 1310;
				TargetAttributes = {
					98BE474F27482D2900B99654 = {
						CreatedOnToolsVersion = 13.1;
					};
					98BE475327482D2A00B99654 = {
						CreatedOnToolsVersion = 13.1;
					};
					98BE475E27482D2D00B99654 = {
						CreatedOnToolsVersion = 13.1;
					};
				};
			};
			buildConfigurationList = 98BE474D27482D2900B99654 /* Build configuration list for PBXProject "Notes" */;
			compatibilityVersion = "Xcode 13.0";
			developmentRegion = en;
			hasScannedForEncodings = 0;
			knownRegions = (
				en,
				Base,
			);
			mainGroup = 98BE474927482D2900B99654;
			productRefGroup = 98BE475127482D2900B99654 /* Products */;
			projectDirPath = "";
			projectRoot = "";
			targets = (
				98BE474F27482D2900B99654 /* Notes */,
				98BE475327482D2A00B99654 /* Notes WatchKit App */,
				98BE475E27482D2D00B99654 /* Notes WatchKit Extension */,
			);
		};
/* End PBXProject section */

/* Begin PBXResourcesBuildPhase section */
		98BE474E27482D2900B99654 /* Resources */ = {
			isa = PBXResourcesBuildPhase;
			buildActionMask = 2147483647;
			files = (
			);
			runOnlyForDeploymentPostprocessing = 0;
		};
		98BE475227482D2A00B99654 /* Resources */ = {
			isa = PBXResourcesBuildPhase;
			buildActionMask = 2147483647;
			files = (
				98BE475A27482D2D00B99654 /* Assets.xcassets in Resources */,
			);
			runOnlyForDeploymentPostprocessing = 0;
		};
		98BE475D27482D2D00B99654 /* Resources */ = {
			isa = PBXResourcesBuildPhase;
			buildActionMask = 2147483647;
			files = (
				98BE476E27482D2F00B99654 /* Preview Assets.xcassets in Resources */,
				98BE476B27482D2F00B99654 /* Assets.xcassets in Resources */,
			);
			runOnlyForDeploymentPostprocessing = 0;
		};
/* End PBXResourcesBuildPhase section */

/* Begin PBXSourcesBuildPhase section */
		98BE475B27482D2D00B99654 /* Sources */ = {
			isa = PBXSourcesBuildPhase;
			buildActionMask = 2147483647;
			files = (
				98BE476527482D2D00B99654 /* ContentView.swift in Sources */,
				98BE47892748426300B99654 /* SettingsView.swift in Sources */,
				98BE476727482D2D00B99654 /* NotesApp.swift in Sources */,
				98BE476927482D2D00B99654 /* ComplicationController.swift in Sources */,
				98BE478427483E3700B99654 /* CreditsView.swift in Sources */,
				98BE478227483C6E00B99654 /* DetailView.swift in Sources */,
				98BE4780274836A100B99654 /* Note.swift in Sources */,
				98BE478727483E7D00B99654 /* HeaderView.swift in Sources */,
			);
			runOnlyForDeploymentPostprocessing = 0;
		};
/* End PBXSourcesBuildPhase section */

/* Begin PBXTargetDependency section */
		98BE475727482D2A00B99654 /* PBXTargetDependency */ = {
			isa = PBXTargetDependency;
			target = 98BE475327482D2A00B99654 /* Notes WatchKit App */;
			targetProxy = 98BE475627482D2A00B99654 /* PBXContainerItemProxy */;
		};
		98BE476227482D2D00B99654 /* PBXTargetDependency */ = {
			isa = PBXTargetDependency;
			target = 98BE475E27482D2D00B99654 /* Notes WatchKit Extension */;
			targetProxy = 98BE476127482D2D00B99654 /* PBXContainerItemProxy */;
		};
/* End PBXTargetDependency section */

/* Begin XCBuildConfiguration section */
		98BE477027482D2F00B99654 /* Debug */ = {
			isa = XCBuildConfiguration;
			buildSettings = {
				ALWAYS_SEARCH_USER_PATHS = NO;
				CLANG_ANALYZER_NONNULL = YES;
				CLANG_ANALYZER_NUMBER_OBJECT_CONVERSION = YES_AGGRESSIVE;
				CLANG_CXX_LANGUAGE_STANDARD = "gnu++17";
				CLANG_CXX_LIBRARY = "libc++";
				CLANG_ENABLE_MODULES = YES;
				CLANG_ENABLE_OBJC_ARC = YES;
				CLANG_ENABLE_OBJC_WEAK = YES;
				CLANG_WARN_BLOCK_CAPTURE_AUTORELEASING = YES;
				CLANG_WARN_BOOL_CONVERSION = YES;
				CLANG_WARN_COMMA = YES;
				CLANG_WARN_CONSTANT_CONVERSION = YES;
				CLANG_WARN_DEPRECATED_OBJC_IMPLEMENTATIONS = YES;
				CLANG_WARN_DIRECT_OBJC_ISA_USAGE = YES_ERROR;
				CLANG_WARN_DOCUMENTATION_COMMENTS = YES;
				CLANG_WARN_EMPTY_BODY = YES;
				CLANG_WARN_ENUM_CONVERSION = YES;
				CLANG_WARN_INFINITE_RECURSION = YES;
				CLANG_WARN_INT_CONVERSION = YES;
				CLANG_WARN_NON_LITERAL_NULL_CONVERSION = YES;
				CLANG_WARN_OBJC_IMPLICIT_RETAIN_SELF = YES;
				CLANG_WARN_OBJC_LITERAL_CONVERSION = YES;
				CLANG_WARN_OBJC_ROOT_CLASS = YES_ERROR;
				CLANG_WARN_QUOTED_INCLUDE_IN_FRAMEWORK_HEADER = YES;
				CLANG_WARN_RANGE_LOOP_ANALYSIS = YES;
				CLANG_WARN_STRICT_PROTOTYPES = YES;
				CLANG_WARN_SUSPICIOUS_MOVE = YES;
				CLANG_WARN_UNGUARDED_AVAILABILITY = YES_AGGRESSIVE;
				CLANG_WARN_UNREACHABLE_CODE = YES;
				CLANG_WARN__DUPLICATE_METHOD_MATCH = YES;
				COPY_PHASE_STRIP = NO;
				DEBUG_INFORMATION_FORMAT = dwarf;
				ENABLE_STRICT_OBJC_MSGSEND = YES;
				ENABLE_TESTABILITY = YES;
				GCC_C_LANGUAGE_STANDARD = gnu11;
				GCC_DYNAMIC_NO_PIC = NO;
				GCC_NO_COMMON_BLOCKS = YES;
				GCC_OPTIMIZATION_LEVEL = 0;
				GCC_PREPROCESSOR_DEFINITIONS = (
					"DEBUG=1",
					"$(inherited)",
				);
				GCC_WARN_64_TO_32_BIT_CONVERSION = YES;
				GCC_WARN_ABOUT_RETURN_TYPE = YES_ERROR;
				GCC_WARN_UNDECLARED_SELECTOR = YES;
				GCC_WARN_UNINITIALIZED_AUTOS = YES_AGGRESSIVE;
				GCC_WARN_UNUSED_FUNCTION = YES;
				GCC_WARN_UNUSED_VARIABLE = YES;
				MTL_ENABLE_DEBUG_INFO = INCLUDE_SOURCE;
				MTL_FAST_MATH = YES;
				ONLY_ACTIVE_ARCH = YES;
				SDKROOT = iphoneos;
				SWIFT_ACTIVE_COMPILATION_CONDITIONS = DEBUG;
				SWIFT_OPTIMIZATION_LEVEL = "-Onone";
			};
			name = Debug;
		};
		98BE477127482D2F00B99654 /* Release */ = {
			isa = XCBuildConfiguration;
			buildSettings = {
				ALWAYS_SEARCH_USER_PATHS = NO;
				CLANG_ANALYZER_NONNULL = YES;
				CLANG_ANALYZER_NUMBER_OBJECT_CONVERSION = YES_AGGRESSIVE;
				CLANG_CXX_LANGUAGE_STANDARD = "gnu++17";
				CLANG_CXX_LIBRARY = "libc++";
				CLANG_ENABLE_MODULES = YES;
				CLANG_ENABLE_OBJC_ARC = YES;
				CLANG_ENABLE_OBJC_WEAK = YES;
				CLANG_WARN_BLOCK_CAPTURE_AUTORELEASING = YES;
				CLANG_WARN_BOOL_CONVERSION = YES;
				CLANG_WARN_COMMA = YES;
				CLANG_WARN_CONSTANT_CONVERSION = YES;
				CLANG_WARN_DEPRECATED_OBJC_IMPLEMENTATIONS = YES;
				CLANG_WARN_DIRECT_OBJC_ISA_USAGE = YES_ERROR;
				CLANG_WARN_DOCUMENTATION_COMMENTS = YES;
				CLANG_WARN_EMPTY_BODY = YES;
				CLANG_WARN_ENUM_CONVERSION = YES;
				CLANG_WARN_INFINITE_RECURSION = YES;
				CLANG_WARN_INT_CONVERSION = YES;
				CLANG_WARN_NON_LITERAL_NULL_CONVERSION = YES;
				CLANG_WARN_OBJC_IMPLICIT_RETAIN_SELF = YES;
				CLANG_WARN_OBJC_LITERAL_CONVERSION = YES;
				CLANG_WARN_OBJC_ROOT_CLASS = YES_ERROR;
				CLANG_WARN_QUOTED_INCLUDE_IN_FRAMEWORK_HEADER = YES;
				CLANG_WARN_RANGE_LOOP_ANALYSIS = YES;
				CLANG_WARN_STRICT_PROTOTYPES = YES;
				CLANG_WARN_SUSPICIOUS_MOVE = YES;
				CLANG_WARN_UNGUARDED_AVAILABILITY = YES_AGGRESSIVE;
				CLANG_WARN_UNREACHABLE_CODE = YES;
				CLANG_WARN__DUPLICATE_METHOD_MATCH = YES;
				COPY_PHASE_STRIP = NO;
				DEBUG_INFORMATION_FORMAT = "dwarf-with-dsym";
				ENABLE_NS_ASSERTIONS = NO;
				ENABLE_STRICT_OBJC_MSGSEND = YES;
				GCC_C_LANGUAGE_STANDARD = gnu11;
				GCC_NO_COMMON_BLOCKS = YES;
				GCC_WARN_64_TO_32_BIT_CONVERSION = YES;
				GCC_WARN_ABOUT_RETURN_TYPE = YES_ERROR;
				GCC_WARN_UNDECLARED_SELECTOR = YES;
				GCC_WARN_UNINITIALIZED_AUTOS = YES_AGGRESSIVE;
				GCC_WARN_UNUSED_FUNCTION = YES;
				GCC_WARN_UNUSED_VARIABLE = YES;
				MTL_ENABLE_DEBUG_INFO = NO;
				MTL_FAST_MATH = YES;
				SDKROOT = iphoneos;
				SWIFT_COMPILATION_MODE = wholemodule;
				SWIFT_OPTIMIZATION_LEVEL = "-O";
				VALIDATE_PRODUCT = YES;
			};
			name = Release;
		};
		98BE477327482D2F00B99654 /* Debug */ = {
			isa = XCBuildConfiguration;
			buildSettings = {
				ASSETCATALOG_COMPILER_COMPLICATION_NAME = Complication;
				CODE_SIGN_STYLE = Automatic;
				CURRENT_PROJECT_VERSION = 1;
				DEVELOPMENT_ASSET_PATHS = "\"Notes WatchKit Extension/Preview Content\"";
				DEVELOPMENT_TEAM = 9Z86N6X4FM;
				ENABLE_PREVIEWS = YES;
				GENERATE_INFOPLIST_FILE = YES;
				INFOPLIST_FILE = "Notes WatchKit Extension/Info.plist";
				INFOPLIST_KEY_CFBundleDisplayName = "Notes WatchKit Extension";
				INFOPLIST_KEY_CLKComplicationPrincipalClass = "$(PRODUCT_MODULE_NAME).ComplicationController";
				INFOPLIST_KEY_NSHumanReadableCopyright = "";
				INFOPLIST_KEY_WKWatchOnly = YES;
				LD_RUNPATH_SEARCH_PATHS = (
					"$(inherited)",
					"@executable_path/Frameworks",
					"@executable_path/../../Frameworks",
				);
				MARKETING_VERSION = 1.0;
				PRODUCT_BUNDLE_IDENTIFIER = com.amaralzaao.Notes.watchkitapp.watchkitextension;
				PRODUCT_NAME = "${TARGET_NAME}";
				SDKROOT = watchos;
				SKIP_INSTALL = YES;
				SWIFT_EMIT_LOC_STRINGS = YES;
				SWIFT_VERSION = 5.0;
				TARGETED_DEVICE_FAMILY = 4;
				WATCHOS_DEPLOYMENT_TARGET = 8.0;
			};
			name = Debug;
		};
		98BE477427482D2F00B99654 /* Release */ = {
			isa = XCBuildConfiguration;
			buildSettings = {
				ASSETCATALOG_COMPILER_COMPLICATION_NAME = Complication;
				CODE_SIGN_STYLE = Automatic;
				CURRENT_PROJECT_VERSION = 1;
				DEVELOPMENT_ASSET_PATHS = "\"Notes WatchKit Extension/Preview Content\"";
				DEVELOPMENT_TEAM = 9Z86N6X4FM;
				ENABLE_PREVIEWS = YES;
				GENERATE_INFOPLIST_FILE = YES;
				INFOPLIST_FILE = "Notes WatchKit Extension/Info.plist";
				INFOPLIST_KEY_CFBundleDisplayName = "Notes WatchKit Extension";
				INFOPLIST_KEY_CLKComplicationPrincipalClass = "$(PRODUCT_MODULE_NAME).ComplicationController";
				INFOPLIST_KEY_NSHumanReadableCopyright = "";
				INFOPLIST_KEY_WKWatchOnly = YES;
				LD_RUNPATH_SEARCH_PATHS = (
					"$(inherited)",
					"@executable_path/Frameworks",
					"@executable_path/../../Frameworks",
				);
				MARKETING_VERSION = 1.0;
				PRODUCT_BUNDLE_IDENTIFIER = com.amaralzaao.Notes.watchkitapp.watchkitextension;
				PRODUCT_NAME = "${TARGET_NAME}";
				SDKROOT = watchos;
				SKIP_INSTALL = YES;
				SWIFT_EMIT_LOC_STRINGS = YES;
				SWIFT_VERSION = 5.0;
				TARGETED_DEVICE_FAMILY = 4;
				WATCHOS_DEPLOYMENT_TARGET = 8.0;
			};
			name = Release;
		};
		98BE477727482D2F00B99654 /* Debug */ = {
			isa = XCBuildConfiguration;
			buildSettings = {
				ALWAYS_EMBED_SWIFT_STANDARD_LIBRARIES = YES;
				ASSETCATALOG_COMPILER_APPICON_NAME = AppIcon;
				ASSETCATALOG_COMPILER_GLOBAL_ACCENT_COLOR_NAME = AccentColor;
				CODE_SIGN_STYLE = Automatic;
				CURRENT_PROJECT_VERSION = 1;
				DEVELOPMENT_TEAM = 9Z86N6X4FM;
				GENERATE_INFOPLIST_FILE = YES;
				IBSC_MODULE = Notes_WatchKit_Extension;
				INFOPLIST_KEY_CFBundleDisplayName = "Notes WatchKit App";
				INFOPLIST_KEY_UISupportedInterfaceOrientations = "UIInterfaceOrientationPortrait UIInterfaceOrientationPortraitUpsideDown";
				MARKETING_VERSION = 1.0;
				PRODUCT_BUNDLE_IDENTIFIER = com.amaralzaao.Notes.watchkitapp;
				PRODUCT_NAME = "$(TARGET_NAME)";
				SDKROOT = watchos;
				SKIP_INSTALL = YES;
				SWIFT_EMIT_LOC_STRINGS = YES;
				SWIFT_VERSION = 5.0;
				TARGETED_DEVICE_FAMILY = 4;
				WATCHOS_DEPLOYMENT_TARGET = 8.0;
			};
			name = Debug;
		};
		98BE477827482D2F00B99654 /* Release */ = {
			isa = XCBuildConfiguration;
			buildSettings = {
				ALWAYS_EMBED_SWIFT_STANDARD_LIBRARIES = YES;
				ASSETCATALOG_COMPILER_APPICON_NAME = AppIcon;
				ASSETCATALOG_COMPILER_GLOBAL_ACCENT_COLOR_NAME = AccentColor;
				CODE_SIGN_STYLE = Automatic;
				CURRENT_PROJECT_VERSION = 1;
				DEVELOPMENT_TEAM = 9Z86N6X4FM;
				GENERATE_INFOPLIST_FILE = YES;
				IBSC_MODULE = Notes_WatchKit_Extension;
				INFOPLIST_KEY_CFBundleDisplayName = "Notes WatchKit App";
				INFOPLIST_KEY_UISupportedInterfaceOrientations = "UIInterfaceOrientationPortrait UIInterfaceOrientationPortraitUpsideDown";
				MARKETING_VERSION = 1.0;
				PRODUCT_BUNDLE_IDENTIFIER = com.amaralzaao.Notes.watchkitapp;
				PRODUCT_NAME = "$(TARGET_NAME)";
				SDKROOT = watchos;
				SKIP_INSTALL = YES;
				SWIFT_EMIT_LOC_STRINGS = YES;
				SWIFT_VERSION = 5.0;
				TARGETED_DEVICE_FAMILY = 4;
				WATCHOS_DEPLOYMENT_TARGET = 8.0;
			};
			name = Release;
		};
		98BE477B27482D2F00B99654 /* Debug */ = {
			isa = XCBuildConfiguration;
			buildSettings = {
				CODE_SIGN_STYLE = Automatic;
				CURRENT_PROJECT_VERSION = 1;
				DEVELOPMENT_TEAM = 9Z86N6X4FM;
				MARKETING_VERSION = 1.0;
				PRODUCT_BUNDLE_IDENTIFIER = com.amaralzaao.Notes;
				PRODUCT_NAME = "$(TARGET_NAME)";
				SWIFT_VERSION = 5.0;
			};
			name = Debug;
		};
		98BE477C27482D2F00B99654 /* Release */ = {
			isa = XCBuildConfiguration;
			buildSettings = {
				CODE_SIGN_STYLE = Automatic;
				CURRENT_PROJECT_VERSION = 1;
				DEVELOPMENT_TEAM = 9Z86N6X4FM;
				MARKETING_VERSION = 1.0;
				PRODUCT_BUNDLE_IDENTIFIER = com.amaralzaao.Notes;
				PRODUCT_NAME = "$(TARGET_NAME)";
				SWIFT_VERSION = 5.0;
			};
			name = Release;
		};
/* End XCBuildConfiguration section */

/* Begin XCConfigurationList section */
		98BE474D27482D2900B99654 /* Build configuration list for PBXProject "Notes" */ = {
			isa = XCConfigurationList;
			buildConfigurations = (
				98BE477027482D2F00B99654 /* Debug */,
				98BE477127482D2F00B99654 /* Release */,
			);
			defaultConfigurationIsVisible = 0;
			defaultConfigurationName = Release;
		};
		98BE477227482D2F00B99654 /* Build configuration list for PBXNativeTarget "Notes WatchKit Extension" */ = {
			isa = XCConfigurationList;
			buildConfigurations = (
				98BE477327482D2F00B99654 /* Debug */,
				98BE477427482D2F00B99654 /* Release */,
			);
			defaultConfigurationIsVisible = 0;
			defaultConfigurationName = Release;
		};
		98BE477627482D2F00B99654 /* Build configuration list for PBXNativeTarget "Notes WatchKit App" */ = {
			isa = XCConfigurationList;
			buildConfigurations = (
				98BE477727482D2F00B99654 /* Debug */,
				98BE477827482D2F00B99654 /* Release */,
			);
			defaultConfigurationIsVisible = 0;
			defaultConfigurationName = Release;
		};
		98BE477A27482D2F00B99654 /* Build configuration list for PBXNativeTarget "Notes" */ = {
			isa = XCConfigurationList;
			buildConfigurations = (
				98BE477B27482D2F00B99654 /* Debug */,
				98BE477C27482D2F00B99654 /* Release */,
			);
			defaultConfigurationIsVisible = 0;
			defaultConfigurationName = Release;
		};
/* End XCConfigurationList section */
	};
	rootObject = 98BE474A27482D2900B99654 /* Project object */;
}
